
Microsoft Visual Studio Solution File, Format Version 12.00
# Visual Studio 14
VisualStudioVersion = 14.0.25123.0
MinimumVisualStudioVersion = 10.0.40219.1
Project("{2150E333-8FDC-42A3-9474-1A3956D46DE8}") = "src", "src", "{82EDC915-9C35-4790-86E7-0069A1EB9821}"
EndProject
Project("{2150E333-8FDC-42A3-9474-1A3956D46DE8}") = "Solution Items", "Solution Items", "{E923BD7B-7B52-41CA-9749-BC79DB03AF82}"
	ProjectSection(SolutionItems) = preProject
		global.json = global.json
	EndProjectSection
EndProject
Project("{8BB2217D-0F2D-49D1-97BC-3654ED321F3B}") = "Ajax", "src\Ajax\Ajax.xproj", "{269138CC-B4F4-4873-A8AF-CACFAC16B925}"
EndProject
Global
	GlobalSection(SolutionConfigurationPlatforms) = preSolution
		Debug|Any CPU = Debug|Any CPU
		Release|Any CPU = Release|Any CPU
	EndGlobalSection
	GlobalSection(ProjectConfigurationPlatforms) = postSolution
		{269138CC-B4F4-4873-A8AF-CACFAC16B925}.Debug|Any CPU.ActiveCfg = Debug|Any CPU
		{269138CC-B4F4-4873-A8AF-CACFAC16B925}.Debug|Any CPU.Build.0 = Debug|Any CPU
		{269138CC-B4F4-4873-A8AF-CACFAC16B925}.Release|Any CPU.ActiveCfg = Release|Any CPU
		{269138CC-B4F4-4873-A8AF-CACFAC16B925}.Release|Any CPU.Build.0 = Release|Any CPU
	EndGlobalSection
	GlobalSection(SolutionProperties) = preSolution
		HideSolutionNode = FALSE
	EndGlobalSection
	GlobalSection(NestedProjects) = preSolution
		{269138CC-B4F4-4873-A8AF-CACFAC16B925} = {82EDC915-9C35-4790-86E7-0069A1EB9821}
	EndGlobalSection
EndGlobal
